
Microsoft Visual Studio Solution File, Format Version 12.00
# Visual Studio Version 17
VisualStudioVersion = 17.5.002.0
MinimumVisualStudioVersion = 10.0.40219.1
Project("{9A19103F-16F7-4668-BE54-9A1E7A4F7556}") = "Seminars", "Seminars.csproj", "{D6811B13-2C21-4F6C-8F3F-F09955A9D36D}"
EndProject
Global
	GlobalSection(SolutionConfigurationPlatforms) = preSolution
		Debug|Any CPU = Debug|Any CPU
		Release|Any CPU = Release|Any CPU
	EndGlobalSection
	GlobalSection(ProjectConfigurationPlatforms) = postSolution
		{D6811B13-2C21-4F6C-8F3F-F09955A9D36D}.Debug|Any CPU.ActiveCfg = Debug|Any CPU
		{D6811B13-2C21-4F6C-8F3F-F09955A9D36D}.Debug|Any CPU.Build.0 = Debug|Any CPU
		{D6811B13-2C21-4F6C-8F3F-F09955A9D36D}.Release|Any CPU.ActiveCfg = Release|Any CPU
		{D6811B13-2C21-4F6C-8F3F-F09955A9D36D}.Release|Any CPU.Build.0 = Release|Any CPU
	EndGlobalSection
	GlobalSection(SolutionProperties) = preSolution
		HideSolutionNode = FALSE
	EndGlobalSection
	GlobalSection(ExtensibilityGlobals) = postSolution
		SolutionGuid = {43B8D4C2-0158-4151-86FB-666B044D2FB0}
	EndGlobalSection
EndGlobal
